
Microsoft Visual Studio Solution File, Format Version 12.00
# Visual Studio Version 17
VisualStudioVersion = 17.10.35013.160
MinimumVisualStudioVersion = 10.0.40219.1
Project("{FAE04EC0-301F-11D3-BF4B-00C04F79EFBC}") = "Monogame Sumative - Breakout", "Monogame Sumative - Breakout.csproj", "{18E28C30-A6F4-4B79-BFAC-1EA391B38D84}"
EndProject
Global
	GlobalSection(SolutionConfigurationPlatforms) = preSolution
		Debug|Any CPU = Debug|Any CPU
		Release|Any CPU = Release|Any CPU
	EndGlobalSection
	GlobalSection(ProjectConfigurationPlatforms) = postSolution
		{18E28C30-A6F4-4B79-BFAC-1EA391B38D84}.Debug|Any CPU.ActiveCfg = Debug|Any CPU
		{18E28C30-A6F4-4B79-BFAC-1EA391B38D84}.Debug|Any CPU.Build.0 = Debug|Any CPU
		{18E28C30-A6F4-4B79-BFAC-1EA391B38D84}.Release|Any CPU.ActiveCfg = Release|Any CPU
		{18E28C30-A6F4-4B79-BFAC-1EA391B38D84}.Release|Any CPU.Build.0 = Release|Any CPU
	EndGlobalSection
	GlobalSection(SolutionProperties) = preSolution
		HideSolutionNode = FALSE
	EndGlobalSection
	GlobalSection(ExtensibilityGlobals) = postSolution
		SolutionGuid = {8739421B-FADC-4FB0-857D-F9BD99882169}
	EndGlobalSection
EndGlobal
